{
  "version": 4,
  "terraform_version": "0.12.29",
  "serial": 60,
  "lineage": "9f0f93f7-29e9-9815-1ab4-7828e6ab7d4b",
  "outputs": {
    "DSC": {
      "value": [
        "https://c891d501-7968-4224-8331-3fa264659942.agentsvc.eus.azure-automation.net/accounts/c891d501-7968-4224-8331-3fa264659942",
        "0dwW1lWQVFQlxG9sngZt0jVy5Bkjnhlo3KuiXyWeBnytDrDgcMUgq+wv8Ytohdwk4pQZXXOKTG+RyfX0ezp54A=="
      ],
      "type": [
        "tuple",
        [
          "string",
          "string"
        ]
      ]
    },
    "VM": {
      "value": {
        "vm-0": "52.255.143.165"
      },
      "type": [
        "object",
        {
          "vm-0": "string"
        }
      ]
    }
  },
  "resources": [
    {
      "mode": "managed",
      "type": "azurerm_automation_account",
      "name": "dev-playground",
      "provider": "provider.azurerm",
      "instances": [
        {
          "schema_version": 0,
          "attributes": {
            "dsc_primary_access_key": "0dwW1lWQVFQlxG9sngZt0jVy5Bkjnhlo3KuiXyWeBnytDrDgcMUgq+wv8Ytohdwk4pQZXXOKTG+RyfX0ezp54A==",
            "dsc_secondary_access_key": "YFHgxR4uCeVxRSMGGvAwqt4H92HRDlcthLIoh0wimc0mxRK5WtO907cY6PGL6RD/Y6jRJek9EOrOkUA14S07xw==",
            "dsc_server_endpoint": "https://c891d501-7968-4224-8331-3fa264659942.agentsvc.eus.azure-automation.net/accounts/c891d501-7968-4224-8331-3fa264659942",
            "id": "/subscriptions/1427e7fb-a488-4ec5-be44-30ac10ca2e95/resourceGroups/dev_playground/providers/Microsoft.Automation/automationAccounts/dev-playground",
            "location": "eastus",
            "name": "dev-playground",
            "resource_group_name": "dev_playground",
            "sku_name": "Basic",
            "tags": {},
            "timeouts": null
          },
          "private": "eyJlMmJmYjczMC1lY2FhLTExZTYtOGY4OC0zNDM2M2JjN2M0YzAiOnsiY3JlYXRlIjoxODAwMDAwMDAwMDAwLCJkZWxldGUiOjE4MDAwMDAwMDAwMDAsInJlYWQiOjMwMDAwMDAwMDAwMCwidXBkYXRlIjoxODAwMDAwMDAwMDAwfX0=",
          "dependencies": [
            "azurerm_resource_group.rg"
          ]
        }
      ]
    },
    {
      "mode": "managed",
      "type": "azurerm_network_interface",
      "name": "vnic",
      "provider": "provider.azurerm",
      "instances": [
        {
          "schema_version": 0,
          "attributes": {
            "applied_dns_servers": [],
            "dns_servers": [],
            "enable_accelerated_networking": false,
            "enable_ip_forwarding": false,
            "id": "/subscriptions/1427e7fb-a488-4ec5-be44-30ac10ca2e95/resourceGroups/dev_playground/providers/Microsoft.Network/networkInterfaces/vnic",
            "internal_dns_name_label": "",
            "ip_configuration": [
              {
                "name": "internal",
                "primary": true,
                "private_ip_address": "10.0.2.5",
                "private_ip_address_allocation": "Static",
                "private_ip_address_version": "IPv4",
                "public_ip_address_id": "/subscriptions/1427e7fb-a488-4ec5-be44-30ac10ca2e95/resourceGroups/dev_playground/providers/Microsoft.Network/publicIPAddresses/pubIp",
                "subnet_id": "/subscriptions/1427e7fb-a488-4ec5-be44-30ac10ca2e95/resourceGroups/dev_playground/providers/Microsoft.Network/virtualNetworks/dev_playground-vNet/subnets/internal"
              }
            ],
            "location": "eastus",
            "mac_address": "00-0D-3A-9A-22-2C",
            "name": "vnic",
            "private_ip_address": "10.0.2.5",
            "private_ip_addresses": [
              "10.0.2.5"
            ],
            "resource_group_name": "dev_playground",
            "tags": {},
            "timeouts": null,
            "virtual_machine_id": "/subscriptions/1427e7fb-a488-4ec5-be44-30ac10ca2e95/resourceGroups/dev_playground/providers/Microsoft.Compute/virtualMachines/vm-0"
          },
          "private": "eyJlMmJmYjczMC1lY2FhLTExZTYtOGY4OC0zNDM2M2JjN2M0YzAiOnsiY3JlYXRlIjoxODAwMDAwMDAwMDAwLCJkZWxldGUiOjE4MDAwMDAwMDAwMDAsInJlYWQiOjMwMDAwMDAwMDAwMCwidXBkYXRlIjoxODAwMDAwMDAwMDAwfX0=",
          "dependencies": [
            "azurerm_public_ip.pubIp",
            "azurerm_resource_group.rg",
            "azurerm_subnet.subnet",
            "azurerm_virtual_network.vnet"
          ]
        }
      ]
    },
    {
      "mode": "managed",
      "type": "azurerm_network_interface_security_group_association",
      "name": "nsg-assoc",
      "provider": "provider.azurerm",
      "instances": [
        {
          "schema_version": 0,
          "attributes": {
            "id": "/subscriptions/1427e7fb-a488-4ec5-be44-30ac10ca2e95/resourceGroups/dev_playground/providers/Microsoft.Network/networkInterfaces/vnic|/subscriptions/1427e7fb-a488-4ec5-be44-30ac10ca2e95/resourceGroups/dev_playground/providers/Microsoft.Network/networkSecurityGroups/env-access",
            "network_interface_id": "/subscriptions/1427e7fb-a488-4ec5-be44-30ac10ca2e95/resourceGroups/dev_playground/providers/Microsoft.Network/networkInterfaces/vnic",
            "network_security_group_id": "/subscriptions/1427e7fb-a488-4ec5-be44-30ac10ca2e95/resourceGroups/dev_playground/providers/Microsoft.Network/networkSecurityGroups/env-access",
            "timeouts": null
          },
          "private": "eyJlMmJmYjczMC1lY2FhLTExZTYtOGY4OC0zNDM2M2JjN2M0YzAiOnsiY3JlYXRlIjoxODAwMDAwMDAwMDAwLCJkZWxldGUiOjE4MDAwMDAwMDAwMDAsInJlYWQiOjMwMDAwMDAwMDAwMCwidXBkYXRlIjoxODAwMDAwMDAwMDAwfX0=",
          "dependencies": [
            "azurerm_network_interface.vnic",
            "azurerm_network_security_group.nsg",
            "azurerm_public_ip.pubIp",
            "azurerm_resource_group.rg",
            "azurerm_subnet.subnet",
            "azurerm_virtual_network.vnet"
          ]
        }
      ]
    },
    {
      "mode": "managed",
      "type": "azurerm_network_security_group",
      "name": "nsg",
      "provider": "provider.azurerm",
      "instances": [
        {
          "schema_version": 0,
          "attributes": {
            "id": "/subscriptions/1427e7fb-a488-4ec5-be44-30ac10ca2e95/resourceGroups/dev_playground/providers/Microsoft.Network/networkSecurityGroups/env-access",
            "location": "eastus",
            "name": "env-access",
            "resource_group_name": "dev_playground",
            "security_rule": [
              {
                "access": "Allow",
                "description": "",
                "destination_address_prefix": "*",
                "destination_address_prefixes": [],
                "destination_application_security_group_ids": [],
                "destination_port_range": "3389",
                "destination_port_ranges": [],
                "direction": "Inbound",
                "name": "rdp",
                "priority": 100,
                "protocol": "Tcp",
                "source_address_prefix": "*",
                "source_address_prefixes": [],
                "source_application_security_group_ids": [],
                "source_port_range": "*",
                "source_port_ranges": []
              },
              {
                "access": "Allow",
                "description": "",
                "destination_address_prefix": "*",
                "destination_address_prefixes": [],
                "destination_application_security_group_ids": [],
                "destination_port_range": "5985",
                "destination_port_ranges": [],
                "direction": "Inbound",
                "name": "winrm-http",
                "priority": 101,
                "protocol": "Tcp",
                "source_address_prefix": "*",
                "source_address_prefixes": [],
                "source_application_security_group_ids": [],
                "source_port_range": "*",
                "source_port_ranges": []
              }
            ],
            "tags": {},
            "timeouts": null
          },
          "private": "eyJlMmJmYjczMC1lY2FhLTExZTYtOGY4OC0zNDM2M2JjN2M0YzAiOnsiY3JlYXRlIjoxODAwMDAwMDAwMDAwLCJkZWxldGUiOjE4MDAwMDAwMDAwMDAsInJlYWQiOjMwMDAwMDAwMDAwMCwidXBkYXRlIjoxODAwMDAwMDAwMDAwfX0=",
          "dependencies": [
            "azurerm_resource_group.rg"
          ]
        }
      ]
    },
    {
      "mode": "managed",
      "type": "azurerm_public_ip",
      "name": "pubIp",
      "provider": "provider.azurerm",
      "instances": [
        {
          "schema_version": 0,
          "attributes": {
            "allocation_method": "Static",
            "domain_name_label": null,
            "fqdn": null,
            "id": "/subscriptions/1427e7fb-a488-4ec5-be44-30ac10ca2e95/resourceGroups/dev_playground/providers/Microsoft.Network/publicIPAddresses/pubIp",
            "idle_timeout_in_minutes": 4,
            "ip_address": "52.255.143.165",
            "ip_version": "IPv4",
            "location": "eastus",
            "name": "pubIp",
            "public_ip_prefix_id": null,
            "resource_group_name": "dev_playground",
            "reverse_fqdn": null,
            "sku": "Basic",
            "tags": {},
            "timeouts": null,
            "zones": []
          },
          "private": "eyJlMmJmYjczMC1lY2FhLTExZTYtOGY4OC0zNDM2M2JjN2M0YzAiOnsiY3JlYXRlIjoxODAwMDAwMDAwMDAwLCJkZWxldGUiOjE4MDAwMDAwMDAwMDAsInJlYWQiOjMwMDAwMDAwMDAwMCwidXBkYXRlIjoxODAwMDAwMDAwMDAwfX0=",
          "dependencies": [
            "azurerm_resource_group.rg"
          ]
        }
      ]
    },
    {
      "mode": "managed",
      "type": "azurerm_resource_group",
      "name": "rg",
      "provider": "provider.azurerm",
      "instances": [
        {
          "schema_version": 0,
          "attributes": {
            "id": "/subscriptions/1427e7fb-a488-4ec5-be44-30ac10ca2e95/resourceGroups/dev_playground",
            "location": "eastus",
            "name": "dev_playground",
            "tags": {},
            "timeouts": null
          },
          "private": "eyJlMmJmYjczMC1lY2FhLTExZTYtOGY4OC0zNDM2M2JjN2M0YzAiOnsiY3JlYXRlIjo1NDAwMDAwMDAwMDAwLCJkZWxldGUiOjU0MDAwMDAwMDAwMDAsInJlYWQiOjMwMDAwMDAwMDAwMCwidXBkYXRlIjo1NDAwMDAwMDAwMDAwfX0="
        }
      ]
    },
    {
      "mode": "managed",
      "type": "azurerm_subnet",
      "name": "subnet",
      "provider": "provider.azurerm",
      "instances": [
        {
          "schema_version": 0,
          "attributes": {
            "address_prefix": "10.0.2.0/24",
            "delegation": [],
            "enforce_private_link_endpoint_network_policies": false,
            "enforce_private_link_service_network_policies": false,
            "id": "/subscriptions/1427e7fb-a488-4ec5-be44-30ac10ca2e95/resourceGroups/dev_playground/providers/Microsoft.Network/virtualNetworks/dev_playground-vNet/subnets/internal",
            "name": "internal",
            "resource_group_name": "dev_playground",
            "service_endpoints": [],
            "timeouts": null,
            "virtual_network_name": "dev_playground-vNet"
          },
          "private": "eyJlMmJmYjczMC1lY2FhLTExZTYtOGY4OC0zNDM2M2JjN2M0YzAiOnsiY3JlYXRlIjoxODAwMDAwMDAwMDAwLCJkZWxldGUiOjE4MDAwMDAwMDAwMDAsInJlYWQiOjMwMDAwMDAwMDAwMCwidXBkYXRlIjoxODAwMDAwMDAwMDAwfX0=",
          "dependencies": [
            "azurerm_resource_group.rg",
            "azurerm_virtual_network.vnet"
          ]
        }
      ]
    },
    {
      "mode": "managed",
      "type": "azurerm_virtual_network",
      "name": "vnet",
      "provider": "provider.azurerm",
      "instances": [
        {
          "schema_version": 0,
          "attributes": {
            "address_space": [
              "10.0.0.0/16"
            ],
            "ddos_protection_plan": [],
            "dns_servers": [
              "10.0.2.5"
            ],
            "id": "/subscriptions/1427e7fb-a488-4ec5-be44-30ac10ca2e95/resourceGroups/dev_playground/providers/Microsoft.Network/virtualNetworks/dev_playground-vNet",
            "location": "eastus",
            "name": "dev_playground-vNet",
            "resource_group_name": "dev_playground",
            "subnet": [
              {
                "address_prefix": "10.0.2.0/24",
                "id": "/subscriptions/1427e7fb-a488-4ec5-be44-30ac10ca2e95/resourceGroups/dev_playground/providers/Microsoft.Network/virtualNetworks/dev_playground-vNet/subnets/internal",
                "name": "internal",
                "security_group": ""
              }
            ],
            "tags": {},
            "timeouts": null
          },
          "private": "eyJlMmJmYjczMC1lY2FhLTExZTYtOGY4OC0zNDM2M2JjN2M0YzAiOnsiY3JlYXRlIjoxODAwMDAwMDAwMDAwLCJkZWxldGUiOjE4MDAwMDAwMDAwMDAsInJlYWQiOjMwMDAwMDAwMDAwMCwidXBkYXRlIjoxODAwMDAwMDAwMDAwfX0=",
          "dependencies": [
            "azurerm_resource_group.rg"
          ]
        }
      ]
    },
    {
      "mode": "managed",
      "type": "azurerm_windows_virtual_machine",
      "name": "vm",
      "provider": "provider.azurerm",
      "instances": [
        {
          "schema_version": 0,
          "attributes": {
            "additional_capabilities": [],
            "additional_unattend_content": [],
            "admin_password": "I like azure.",
            "admin_username": "adminuser",
            "allow_extension_operations": true,
            "availability_set_id": "",
            "boot_diagnostics": [],
            "computer_name": "vm-0",
            "custom_data": null,
            "dedicated_host_id": "",
            "enable_automatic_updates": true,
            "eviction_policy": "",
            "id": "/subscriptions/1427e7fb-a488-4ec5-be44-30ac10ca2e95/resourceGroups/dev_playground/providers/Microsoft.Compute/virtualMachines/vm-0",
            "identity": [],
            "license_type": "",
            "location": "eastus",
            "max_bid_price": -1,
            "name": "vm-0",
            "network_interface_ids": [
              "/subscriptions/1427e7fb-a488-4ec5-be44-30ac10ca2e95/resourceGroups/dev_playground/providers/Microsoft.Network/networkInterfaces/vnic"
            ],
            "os_disk": [
              {
                "caching": "ReadWrite",
                "diff_disk_settings": [],
                "disk_encryption_set_id": "",
                "disk_size_gb": 127,
                "name": "vm-0_OsDisk_1_56dbdd27ced449ee977353d744994f25",
                "storage_account_type": "Standard_LRS",
                "write_accelerator_enabled": false
              }
            ],
            "plan": [],
            "priority": "Regular",
            "private_ip_address": "10.0.2.5",
            "private_ip_addresses": [
              "10.0.2.5"
            ],
            "provision_vm_agent": true,
            "proximity_placement_group_id": "",
            "public_ip_address": "52.255.143.165",
            "public_ip_addresses": [
              "52.255.143.165"
            ],
            "resource_group_name": "dev_playground",
            "secret": [],
            "size": "Standard_F2",
            "source_image_id": "",
            "source_image_reference": [
              {
                "offer": "WindowsServer",
                "publisher": "MicrosoftWindowsServer",
                "sku": "2019-Datacenter",
                "version": "latest"
              }
            ],
            "tags": {},
            "timeouts": null,
            "timezone": "",
            "virtual_machine_id": "7ade5993-78fa-4516-ae90-fd0d9cb2b87c",
            "winrm_listener": [],
            "zone": ""
          },
          "private": "eyJlMmJmYjczMC1lY2FhLTExZTYtOGY4OC0zNDM2M2JjN2M0YzAiOnsiY3JlYXRlIjoyNzAwMDAwMDAwMDAwLCJkZWxldGUiOjI3MDAwMDAwMDAwMDAsInJlYWQiOjMwMDAwMDAwMDAwMCwidXBkYXRlIjoyNzAwMDAwMDAwMDAwfX0=",
          "dependencies": [
            "azurerm_network_interface.vnic",
            "azurerm_public_ip.pubIp",
            "azurerm_resource_group.rg",
            "azurerm_subnet.subnet",
            "azurerm_virtual_network.vnet"
          ]
        }
      ]
    }
  ]
}
