{
  "version": 4,
  "terraform_version": "0.12.29",
  "serial": 25,
  "lineage": "03305b8d-6b87-f756-5d58-f2c58f5de158",
  "outputs": {
    "VM_IP": {
      "value": "13.68.155.103",
      "type": "string"
    }
  },
  "resources": [
    {
      "mode": "managed",
      "type": "azurerm_network_interface",
      "name": "vnic",
      "provider": "provider.azurerm",
      "instances": [
        {
          "schema_version": 0,
          "attributes": {
            "applied_dns_servers": [],
            "dns_servers": [],
            "enable_accelerated_networking": false,
            "enable_ip_forwarding": false,
            "id": "/subscriptions/1427e7fb-a488-4ec5-be44-30ac10ca2e95/resourceGroups/dev_playground/providers/Microsoft.Network/networkInterfaces/vnic",
            "internal_dns_name_label": "",
            "ip_configuration": [
              {
                "name": "internal",
                "primary": true,
                "private_ip_address": "10.0.2.4",
                "private_ip_address_allocation": "Dynamic",
                "private_ip_address_version": "IPv4",
                "public_ip_address_id": "/subscriptions/1427e7fb-a488-4ec5-be44-30ac10ca2e95/resourceGroups/dev_playground/providers/Microsoft.Network/publicIPAddresses/pip",
                "subnet_id": "/subscriptions/1427e7fb-a488-4ec5-be44-30ac10ca2e95/resourceGroups/dev_playground/providers/Microsoft.Network/virtualNetworks/vNet/subnets/internal"
              }
            ],
            "location": "eastus",
            "mac_address": "",
            "name": "vnic",
            "private_ip_address": "10.0.2.4",
            "private_ip_addresses": [
              "10.0.2.4"
            ],
            "resource_group_name": "dev_playground",
            "tags": null,
            "timeouts": null,
            "virtual_machine_id": ""
          },
          "private": "eyJlMmJmYjczMC1lY2FhLTExZTYtOGY4OC0zNDM2M2JjN2M0YzAiOnsiY3JlYXRlIjoxODAwMDAwMDAwMDAwLCJkZWxldGUiOjE4MDAwMDAwMDAwMDAsInJlYWQiOjMwMDAwMDAwMDAwMCwidXBkYXRlIjoxODAwMDAwMDAwMDAwfX0=",
          "dependencies": [
            "azurerm_public_ip.pip"
          ]
        }
      ]
    },
    {
      "mode": "managed",
      "type": "azurerm_network_interface_security_group_association",
      "name": "nsg-assoc",
      "provider": "provider.azurerm",
      "instances": [
        {
          "schema_version": 0,
          "attributes": {
            "id": "/subscriptions/1427e7fb-a488-4ec5-be44-30ac10ca2e95/resourceGroups/dev_playground/providers/Microsoft.Network/networkInterfaces/vnic|/subscriptions/1427e7fb-a488-4ec5-be44-30ac10ca2e95/resourceGroups/dev_playground/providers/Microsoft.Network/networkSecurityGroups/env-access",
            "network_interface_id": "/subscriptions/1427e7fb-a488-4ec5-be44-30ac10ca2e95/resourceGroups/dev_playground/providers/Microsoft.Network/networkInterfaces/vnic",
            "network_security_group_id": "/subscriptions/1427e7fb-a488-4ec5-be44-30ac10ca2e95/resourceGroups/dev_playground/providers/Microsoft.Network/networkSecurityGroups/env-access",
            "timeouts": null
          },
          "private": "eyJlMmJmYjczMC1lY2FhLTExZTYtOGY4OC0zNDM2M2JjN2M0YzAiOnsiY3JlYXRlIjoxODAwMDAwMDAwMDAwLCJkZWxldGUiOjE4MDAwMDAwMDAwMDAsInJlYWQiOjMwMDAwMDAwMDAwMCwidXBkYXRlIjoxODAwMDAwMDAwMDAwfX0=",
          "dependencies": [
            "azurerm_network_interface.vnic",
            "azurerm_public_ip.pip"
          ]
        }
      ]
    },
    {
      "mode": "managed",
      "type": "azurerm_public_ip",
      "name": "pip",
      "provider": "provider.azurerm",
      "instances": [
        {
          "schema_version": 0,
          "attributes": {
            "allocation_method": "Static",
            "domain_name_label": null,
            "fqdn": null,
            "id": "/subscriptions/1427e7fb-a488-4ec5-be44-30ac10ca2e95/resourceGroups/dev_playground/providers/Microsoft.Network/publicIPAddresses/pip",
            "idle_timeout_in_minutes": 4,
            "ip_address": "13.68.155.103",
            "ip_version": "IPv4",
            "location": "eastus",
            "name": "pip",
            "public_ip_prefix_id": null,
            "resource_group_name": "dev_playground",
            "reverse_fqdn": null,
            "sku": "Basic",
            "tags": null,
            "timeouts": null,
            "zones": null
          },
          "private": "eyJlMmJmYjczMC1lY2FhLTExZTYtOGY4OC0zNDM2M2JjN2M0YzAiOnsiY3JlYXRlIjoxODAwMDAwMDAwMDAwLCJkZWxldGUiOjE4MDAwMDAwMDAwMDAsInJlYWQiOjMwMDAwMDAwMDAwMCwidXBkYXRlIjoxODAwMDAwMDAwMDAwfX0="
        }
      ]
    },
    {
      "mode": "managed",
      "type": "azurerm_windows_virtual_machine",
      "name": "vm",
      "provider": "provider.azurerm",
      "instances": [
        {
          "schema_version": 0,
          "attributes": {
            "additional_capabilities": [],
            "additional_unattend_content": [],
            "admin_password": "I like azure.",
            "admin_username": "adminuser",
            "allow_extension_operations": true,
            "availability_set_id": "",
            "boot_diagnostics": [],
            "computer_name": "VM-0",
            "custom_data": null,
            "dedicated_host_id": "",
            "enable_automatic_updates": true,
            "eviction_policy": "",
            "id": "/subscriptions/1427e7fb-a488-4ec5-be44-30ac10ca2e95/resourceGroups/dev_playground/providers/Microsoft.Compute/virtualMachines/VM-0",
            "identity": [],
            "license_type": "",
            "location": "eastus",
            "max_bid_price": -1,
            "name": "VM-0",
            "network_interface_ids": [
              "/subscriptions/1427e7fb-a488-4ec5-be44-30ac10ca2e95/resourceGroups/dev_playground/providers/Microsoft.Network/networkInterfaces/vnic"
            ],
            "os_disk": [
              {
                "caching": "ReadWrite",
                "diff_disk_settings": [],
                "disk_encryption_set_id": "",
                "disk_size_gb": 127,
                "name": "VM-0_OsDisk_1_5ea8e62404764d798592f0c396c7ea47",
                "storage_account_type": "Standard_LRS",
                "write_accelerator_enabled": false
              }
            ],
            "plan": [],
            "priority": "Regular",
            "private_ip_address": "10.0.2.4",
            "private_ip_addresses": [
              "10.0.2.4"
            ],
            "provision_vm_agent": true,
            "proximity_placement_group_id": "",
            "public_ip_address": "13.68.155.103",
            "public_ip_addresses": [
              "13.68.155.103"
            ],
            "resource_group_name": "dev_playground",
            "secret": [],
            "size": "Standard_F2",
            "source_image_id": "",
            "source_image_reference": [
              {
                "offer": "WindowsServer",
                "publisher": "MicrosoftWindowsServer",
                "sku": "2019-Datacenter",
                "version": "latest"
              }
            ],
            "tags": null,
            "timeouts": null,
            "timezone": "",
            "virtual_machine_id": "f7979ff0-105c-42d3-8d1e-a7f2079d72de",
            "winrm_listener": [],
            "zone": ""
          },
          "private": "eyJlMmJmYjczMC1lY2FhLTExZTYtOGY4OC0zNDM2M2JjN2M0YzAiOnsiY3JlYXRlIjoyNzAwMDAwMDAwMDAwLCJkZWxldGUiOjI3MDAwMDAwMDAwMDAsInJlYWQiOjMwMDAwMDAwMDAwMCwidXBkYXRlIjoyNzAwMDAwMDAwMDAwfX0=",
          "dependencies": [
            "azurerm_network_interface.vnic",
            "azurerm_public_ip.pip"
          ]
        }
      ]
    }
  ]
}
