{
  "version": 4,
  "terraform_version": "0.12.29",
  "serial": 8,
  "lineage": "17f9ce75-5cca-7270-8f63-170b1d7a02a8",
  "outputs": {},
  "resources": [
    {
      "mode": "data",
      "type": "azurerm_client_config",
      "name": "current",
      "provider": "provider.azurerm",
      "instances": [
        {
          "schema_version": 0,
          "attributes": {
            "client_id": "04b07795-8ddb-461a-bbee-02f9e1bf7b46",
            "id": "2020-07-30 17:27:42.684673 +0000 UTC",
            "object_id": "ae615b7c-6c0b-4c20-a714-fbaf5b3cf382",
            "subscription_id": "1427e7fb-a488-4ec5-be44-30ac10ca2e95",
            "tenant_id": "11376bd0-c80f-4e99-b86f-05d17b73518d",
            "timeouts": null
          }
        }
      ]
    },
    {
      "mode": "data",
      "type": "azurerm_subscription",
      "name": "current",
      "provider": "provider.azurerm",
      "instances": [
        {
          "schema_version": 0,
          "attributes": {
            "display_name": "Adam the Automator",
            "id": "/subscriptions/1427e7fb-a488-4ec5-be44-30ac10ca2e95",
            "location_placement_id": "Public_2014-09-01",
            "quota_id": "Sponsored_2016-01-01",
            "spending_limit": "Off",
            "state": "Enabled",
            "subscription_id": "1427e7fb-a488-4ec5-be44-30ac10ca2e95",
            "tenant_id": "11376bd0-c80f-4e99-b86f-05d17b73518d",
            "timeouts": null
          }
        }
      ]
    },
    {
      "mode": "managed",
      "type": "azuredevops_project",
      "name": "project",
      "provider": "provider.azuredevops",
      "instances": [
        {
          "schema_version": 0,
          "attributes": {
            "description": "Supporting pipeline for the Azure DevOps Pipelines for the Infrastructure Automator PowerShell Saturday Chicago conference talk",
            "features": {
              "artifacts": "disabled",
              "boards": "disabled",
              "repositories": "disabled",
              "testplans": "disabled"
            },
            "id": "c8e7047c-9d42-472e-8e57-a32c92fa8112",
            "process_template_id": "adcc42ab-9882-485e-a3ed-7678f01f66bc",
            "project_name": "Infrastructure Automator",
            "version_control": "Git",
            "visibility": "public",
            "work_item_template": "Agile"
          },
          "private": "bnVsbA=="
        }
      ]
    },
    {
      "mode": "managed",
      "type": "azuredevops_serviceendpoint_azurerm",
      "name": "endpointazure",
      "provider": "provider.azuredevops",
      "instances": [
        {
          "schema_version": 0,
          "attributes": {
            "authorization": {
              "scheme": "ServicePrincipal"
            },
            "azurerm_spn_tenantid": "11376bd0-c80f-4e99-b86f-05d17b73518d",
            "azurerm_subscription_id": "1427e7fb-a488-4ec5-be44-30ac10ca2e95",
            "azurerm_subscription_name": "Adam the Automator",
            "credentials": [],
            "description": "Managed by Terraform",
            "id": "9cd7f53a-0e88-42fb-badf-c9815641360f",
            "project_id": "c8e7047c-9d42-472e-8e57-a32c92fa8112",
            "resource_group": null,
            "service_endpoint_name": "ARM"
          },
          "private": "bnVsbA==",
          "dependencies": [
            "azuredevops_project.project"
          ]
        }
      ]
    },
    {
      "mode": "managed",
      "type": "azurerm_automation_account",
      "name": "dev-playground",
      "provider": "provider.azurerm",
      "instances": []
    },
    {
      "mode": "managed",
      "type": "azurerm_key_vault",
      "name": "vault",
      "provider": "provider.azurerm",
      "instances": []
    },
    {
      "mode": "managed",
      "type": "azurerm_network_security_group",
      "name": "nsg",
      "provider": "provider.azurerm",
      "instances": []
    },
    {
      "mode": "managed",
      "type": "azurerm_subnet",
      "name": "subnet",
      "provider": "provider.azurerm",
      "instances": []
    },
    {
      "mode": "managed",
      "type": "azurerm_virtual_network",
      "name": "vnet",
      "provider": "provider.azurerm",
      "instances": []
    }
  ]
}
